Microsoft Visual Studio Solution File, Format Version 8.00
Project("{8BC9CEB8-8B4A-11D0-8D11-00A0C91BC942}") = "crypt", "ufc-crypt\crypt.vcproj", "{91F671E4-7F2F-4F32-B905-A5A6D1622B9F}"
	ProjectSection(ProjectDependencies) = postProject
	EndProjectSection
EndProject
Project("{8BC9CEB8-8B4A-11D0-8D11-00A0C91BC942}") = "cvs95", "cvs95\cvs95.vcproj", "{A66D1177-64F6-45C4-B52D-601FF97B3B50}"
	ProjectSection(ProjectDependencies) = postProject
		{AFF96908-CC5E-40D2-94FC-78090D420832} = {AFF96908-CC5E-40D2-94FC-78090D420832}
		{FE571818-1B67-41FB-B49D-850D650CF661} = {FE571818-1B67-41FB-B49D-850D650CF661}
		{B927591E-977E-41E9-A2A1-C701F39E426A} = {B927591E-977E-41E9-A2A1-C701F39E426A}
		{E066EF1F-0DD5-4338-ABC9-C413A556AB0F} = {E066EF1F-0DD5-4338-ABC9-C413A556AB0F}
		{03C78F20-271D-4E1B-8440-255E4B2939F3} = {03C78F20-271D-4E1B-8440-255E4B2939F3}
		{4AD8AB20-D822-44E2-AEC1-E870140D254A} = {4AD8AB20-D822-44E2-AEC1-E870140D254A}
		{2F90C820-CD6E-4BA2-A6A1-339147E508AA} = {2F90C820-CD6E-4BA2-A6A1-339147E508AA}
		{ADC6AA27-C931-4C72-934B-7C3E81929F07} = {ADC6AA27-C931-4C72-934B-7C3E81929F07}
		{3C61DD27-F69A-4444-A848-A3D98F22DCA8} = {3C61DD27-F69A-4444-A848-A3D98F22DCA8}
		{2B05202E-5DD0-4543-99B9-188A23E8139D} = {2B05202E-5DD0-4543-99B9-188A23E8139D}
		{5CD43033-B004-4886-8E4D-3A622A7AD677} = {5CD43033-B004-4886-8E4D-3A622A7AD677}
		{5CD43033-B004-4886-8E4D-3A622A7AD677} = {5CD43033-B004-4886-8E4D-3A622A7AD677}
		{E55F4833-F513-4F88-89AB-BCC2E39F81D8} = {E55F4833-F513-4F88-89AB-BCC2E39F81D8}
		{86C5205D-21BC-4CDE-86BE-7AC921D0C6A5} = {86C5205D-21BC-4CDE-86BE-7AC921D0C6A5}
		{5D695560-5DD9-4EF5-9B2E-D609D1A05324} = {5D695560-5DD9-4EF5-9B2E-D609D1A05324}
		{CCE61C64-AC44-40E2-8E75-034C8F60834F} = {CCE61C64-AC44-40E2-8E75-034C8F60834F}
		{61D75468-3718-47EE-BF14-7B1CA51BBAD6} = {61D75468-3718-47EE-BF14-7B1CA51BBAD6}
		{A5EFF26A-60FC-42D4-AB5C-E4159E5672AE} = {A5EFF26A-60FC-42D4-AB5C-E4159E5672AE}
		{44F87A6B-B243-4961-9236-2498E4695331} = {44F87A6B-B243-4961-9236-2498E4695331}
		{A6BB2070-E9A8-442C-BC75-577EEE7382BA} = {A6BB2070-E9A8-442C-BC75-577EEE7382BA}
		{BCF71D75-2C0F-4B0F-967E-20D2EE52AB08} = {BCF71D75-2C0F-4B0F-967E-20D2EE52AB08}
		{44D20481-5119-4D1B-A194-A7B5AEF9C23C} = {44D20481-5119-4D1B-A194-A7B5AEF9C23C}
		{D8FDB582-57E3-40DE-9F35-9764EB1E4148} = {D8FDB582-57E3-40DE-9F35-9764EB1E4148}
		{E634DE84-6C6C-4111-90AF-CC9EE0BE9EC9} = {E634DE84-6C6C-4111-90AF-CC9EE0BE9EC9}
		{68D18485-174E-46BB-A1FC-132DDCCC2EE0} = {68D18485-174E-46BB-A1FC-132DDCCC2EE0}
		{7B67F987-4BBB-4FD4-B537-77BF79ABD04F} = {7B67F987-4BBB-4FD4-B537-77BF79ABD04F}
		{F6DC1E90-8EFC-4D11-8D44-DAD00CF734DA} = {F6DC1E90-8EFC-4D11-8D44-DAD00CF734DA}
		{A8630794-5C8B-4B7F-AF1B-DF12FD6C397F} = {A8630794-5C8B-4B7F-AF1B-DF12FD6C397F}
		{5F0B4A94-9332-45D5-881E-F9F4C4CD03F6} = {5F0B4A94-9332-45D5-881E-F9F4C4CD03F6}
		{EDF87796-6F09-4C8A-8202-77ADDB81284B} = {EDF87796-6F09-4C8A-8202-77ADDB81284B}
		{6FED639C-5FE8-4FDF-ABE8-F720947AC9A1} = {6FED639C-5FE8-4FDF-ABE8-F720947AC9A1}
		{433007AA-2C03-481D-B56B-5FA6840D343D} = {433007AA-2C03-481D-B56B-5FA6840D343D}
		{433007AA-2C03-481D-B56B-5FA6840D343D} = {433007AA-2C03-481D-B56B-5FA6840D343D}
		{433007AA-2C03-481D-B56B-5FA6840D343D} = {433007AA-2C03-481D-B56B-5FA6840D343D}
		{433007AA-2C03-481D-B56B-5FA6840D343D} = {433007AA-2C03-481D-B56B-5FA6840D343D}
		{433007AA-2C03-481D-B56B-5FA6840D343D} = {433007AA-2C03-481D-B56B-5FA6840D343D}
		{C69895B2-28E6-4E13-BC48-D4BAED3DCC5A} = {C69895B2-28E6-4E13-BC48-D4BAED3DCC5A}
		{3623B3B4-90A1-4FC4-B0C3-98580C2A69DA} = {3623B3B4-90A1-4FC4-B0C3-98580C2A69DA}
		{2C1A99CD-4854-4064-9484-F1EB57F366E5} = {2C1A99CD-4854-4064-9484-F1EB57F366E5}
		{2C1A99CD-4854-4064-9484-F1EB57F366E5} = {2C1A99CD-4854-4064-9484-F1EB57F366E5}
		{6674B4DB-2A9A-4D36-B1B6-38796B6D4689} = {6674B4DB-2A9A-4D36-B1B6-38796B6D4689}
		{6674B4DB-2A9A-4D36-B1B6-38796B6D4689} = {6674B4DB-2A9A-4D36-B1B6-38796B6D4689}
		{91F671E4-7F2F-4F32-B905-A5A6D1622B9F} = {91F671E4-7F2F-4F32-B905-A5A6D1622B9F}
		{91F671E4-7F2F-4F32-B905-A5A6D1622B9F} = {91F671E4-7F2F-4F32-B905-A5A6D1622B9F}
		{530EC8E4-2422-45EE-9289-0091A4E8E083} = {530EC8E4-2422-45EE-9289-0091A4E8E083}
		{CE1BF5E4-822E-49BB-ACD6-3251CE7D0B67} = {CE1BF5E4-822E-49BB-ACD6-3251CE7D0B67}
		{7E59BCEB-4FD9-42DF-951E-C196F709BAB8} = {7E59BCEB-4FD9-42DF-951E-C196F709BAB8}
		{EC35C4F3-4DC4-4B87-B884-9DAAA8398BD8} = {EC35C4F3-4DC4-4B87-B884-9DAAA8398BD8}
		{C05BD8F3-7197-4B4B-9DFE-EB014490F51C} = {C05BD8F3-7197-4B4B-9DFE-EB014490F51C}
		{6083BAFF-695F-456B-8531-DBDD03C9702C} = {6083BAFF-695F-456B-8531-DBDD03C9702C}
	EndProjectSection
EndProject
Project("{8BC9CEB8-8B4A-11D0-8D11-00A0C91BC942}") = "cvsnt", "cvsnt.vcproj", "{43B8C2B3-0526-4121-91F8-F218ABC1D0C2}"
	ProjectSection(ProjectDependencies) = postProject
		{AFF96908-CC5E-40D2-94FC-78090D420832} = {AFF96908-CC5E-40D2-94FC-78090D420832}
		{FE571818-1B67-41FB-B49D-850D650CF661} = {FE571818-1B67-41FB-B49D-850D650CF661}
		{B927591E-977E-41E9-A2A1-C701F39E426A} = {B927591E-977E-41E9-A2A1-C701F39E426A}
		{E066EF1F-0DD5-4338-ABC9-C413A556AB0F} = {E066EF1F-0DD5-4338-ABC9-C413A556AB0F}
		{03C78F20-271D-4E1B-8440-255E4B2939F3} = {03C78F20-271D-4E1B-8440-255E4B2939F3}
		{4AD8AB20-D822-44E2-AEC1-E870140D254A} = {4AD8AB20-D822-44E2-AEC1-E870140D254A}
		{2F90C820-CD6E-4BA2-A6A1-339147E508AA} = {2F90C820-CD6E-4BA2-A6A1-339147E508AA}
		{ADC6AA27-C931-4C72-934B-7C3E81929F07} = {ADC6AA27-C931-4C72-934B-7C3E81929F07}
		{3C61DD27-F69A-4444-A848-A3D98F22DCA8} = {3C61DD27-F69A-4444-A848-A3D98F22DCA8}
		{A23EC62C-E9C4-4145-B953-90D533CDF47B} = {A23EC62C-E9C4-4145-B953-90D533CDF47B}
		{2B05202E-5DD0-4543-99B9-188A23E8139D} = {2B05202E-5DD0-4543-99B9-188A23E8139D}
		{5CD43033-B004-4886-8E4D-3A622A7AD677} = {5CD43033-B004-4886-8E4D-3A622A7AD677}
		{5CD43033-B004-4886-8E4D-3A622A7AD677} = {5CD43033-B004-4886-8E4D-3A622A7AD677}
		{E55F4833-F513-4F88-89AB-BCC2E39F81D8} = {E55F4833-F513-4F88-89AB-BCC2E39F81D8}
		{C2CD3641-0F72-4C10-852B-CAA694D28E86} = {C2CD3641-0F72-4C10-852B-CAA694D28E86}
		{86C5205D-21BC-4CDE-86BE-7AC921D0C6A5} = {86C5205D-21BC-4CDE-86BE-7AC921D0C6A5}
		{86C5205D-21BC-4CDE-86BE-7AC921D0C6A5} = {86C5205D-21BC-4CDE-86BE-7AC921D0C6A5}
		{5D695560-5DD9-4EF5-9B2E-D609D1A05324} = {5D695560-5DD9-4EF5-9B2E-D609D1A05324}
		{CCE61C64-AC44-40E2-8E75-034C8F60834F} = {CCE61C64-AC44-40E2-8E75-034C8F60834F}
		{00725064-BF63-4724-9FB4-740EABE62CEC} = {00725064-BF63-4724-9FB4-740EABE62CEC}
		{61D75468-3718-47EE-BF14-7B1CA51BBAD6} = {61D75468-3718-47EE-BF14-7B1CA51BBAD6}
		{A5EFF26A-60FC-42D4-AB5C-E4159E5672AE} = {A5EFF26A-60FC-42D4-AB5C-E4159E5672AE}
		{44F87A6B-B243-4961-9236-2498E4695331} = {44F87A6B-B243-4961-9236-2498E4695331}
		{A6BB2070-E9A8-442C-BC75-577EEE7382BA} = {A6BB2070-E9A8-442C-BC75-577EEE7382BA}
		{BCF71D75-2C0F-4B0F-967E-20D2EE52AB08} = {BCF71D75-2C0F-4B0F-967E-20D2EE52AB08}
		{A66D1177-64F6-45C4-B52D-601FF97B3B50} = {A66D1177-64F6-45C4-B52D-601FF97B3B50}
		{44D20481-5119-4D1B-A194-A7B5AEF9C23C} = {44D20481-5119-4D1B-A194-A7B5AEF9C23C}
		{D8FDB582-57E3-40DE-9F35-9764EB1E4148} = {D8FDB582-57E3-40DE-9F35-9764EB1E4148}
		{E634DE84-6C6C-4111-90AF-CC9EE0BE9EC9} = {E634DE84-6C6C-4111-90AF-CC9EE0BE9EC9}
		{68D18485-174E-46BB-A1FC-132DDCCC2EE0} = {68D18485-174E-46BB-A1FC-132DDCCC2EE0}
		{7B67F987-4BBB-4FD4-B537-77BF79ABD04F} = {7B67F987-4BBB-4FD4-B537-77BF79ABD04F}
		{F6DC1E90-8EFC-4D11-8D44-DAD00CF734DA} = {F6DC1E90-8EFC-4D11-8D44-DAD00CF734DA}
		{A8630794-5C8B-4B7F-AF1B-DF12FD6C397F} = {A8630794-5C8B-4B7F-AF1B-DF12FD6C397F}
		{5F0B4A94-9332-45D5-881E-F9F4C4CD03F6} = {5F0B4A94-9332-45D5-881E-F9F4C4CD03F6}
		{543E4395-6BA3-47FE-862D-7D5D27B83D2A} = {543E4395-6BA3-47FE-862D-7D5D27B83D2A}
		{32F96195-E679-4DE4-8B8B-27D2A3CE1014} = {32F96195-E679-4DE4-8B8B-27D2A3CE1014}
		{EDF87796-6F09-4C8A-8202-77ADDB81284B} = {EDF87796-6F09-4C8A-8202-77ADDB81284B}
		{6FED639C-5FE8-4FDF-ABE8-F720947AC9A1} = {6FED639C-5FE8-4FDF-ABE8-F720947AC9A1}
		{9E7B849C-CB9C-499B-B2B2-ECA70C5784D2} = {9E7B849C-CB9C-499B-B2B2-ECA70C5784D2}
		{45866BA8-03B2-40FC-9CA5-1BB7A17B10A1} = {45866BA8-03B2-40FC-9CA5-1BB7A17B10A1}
		{433007AA-2C03-481D-B56B-5FA6840D343D} = {433007AA-2C03-481D-B56B-5FA6840D343D}
		{433007AA-2C03-481D-B56B-5FA6840D343D} = {433007AA-2C03-481D-B56B-5FA6840D343D}
		{433007AA-2C03-481D-B56B-5FA6840D343D} = {433007AA-2C03-481D-B56B-5FA6840D343D}
		{433007AA-2C03-481D-B56B-5FA6840D343D} = {433007AA-2C03-481D-B56B-5FA6840D343D}
		{433007AA-2C03-481D-B56B-5FA6840D343D} = {433007AA-2C03-481D-B56B-5FA6840D343D}
		{433007AA-2C03-481D-B56B-5FA6840D343D} = {433007AA-2C03-481D-B56B-5FA6840D343D}
		{433007AA-2C03-481D-B56B-5FA6840D343D} = {433007AA-2C03-481D-B56B-5FA6840D343D}
		{433007AA-2C03-481D-B56B-5FA6840D343D} = {433007AA-2C03-481D-B56B-5FA6840D343D}
		{433007AA-2C03-481D-B56B-5FA6840D343D} = {433007AA-2C03-481D-B56B-5FA6840D343D}
		{433007AA-2C03-481D-B56B-5FA6840D343D} = {433007AA-2C03-481D-B56B-5FA6840D343D}
		{433007AA-2C03-481D-B56B-5FA6840D343D} = {433007AA-2C03-481D-B56B-5FA6840D343D}
		{433007AA-2C03-481D-B56B-5FA6840D343D} = {433007AA-2C03-481D-B56B-5FA6840D343D}
		{433007AA-2C03-481D-B56B-5FA6840D343D} = {433007AA-2C03-481D-B56B-5FA6840D343D}
		{433007AA-2C03-481D-B56B-5FA6840D343D} = {433007AA-2C03-481D-B56B-5FA6840D343D}
		{433007AA-2C03-481D-B56B-5FA6840D343D} = {433007AA-2C03-481D-B56B-5FA6840D343D}
		{433007AA-2C03-481D-B56B-5FA6840D343D} = {433007AA-2C03-481D-B56B-5FA6840D343D}
		{433007AA-2C03-481D-B56B-5FA6840D343D} = {433007AA-2C03-481D-B56B-5FA6840D343D}
		{433007AA-2C03-481D-B56B-5FA6840D343D} = {433007AA-2C03-481D-B56B-5FA6840D343D}
		{433007AA-2C03-481D-B56B-5FA6840D343D} = {433007AA-2C03-481D-B56B-5FA6840D343D}
		{433007AA-2C03-481D-B56B-5FA6840D343D} = {433007AA-2C03-481D-B56B-5FA6840D343D}
		{433007AA-2C03-481D-B56B-5FA6840D343D} = {433007AA-2C03-481D-B56B-5FA6840D343D}
		{433007AA-2C03-481D-B56B-5FA6840D343D} = {433007AA-2C03-481D-B56B-5FA6840D343D}
		{433007AA-2C03-481D-B56B-5FA6840D343D} = {433007AA-2C03-481D-B56B-5FA6840D343D}
		{433007AA-2C03-481D-B56B-5FA6840D343D} = {433007AA-2C03-481D-B56B-5FA6840D343D}
		{433007AA-2C03-481D-B56B-5FA6840D343D} = {433007AA-2C03-481D-B56B-5FA6840D343D}
		{433007AA-2C03-481D-B56B-5FA6840D343D} = {433007AA-2C03-481D-B56B-5FA6840D343D}
		{433007AA-2C03-481D-B56B-5FA6840D343D} = {433007AA-2C03-481D-B56B-5FA6840D343D}
		{433007AA-2C03-481D-B56B-5FA6840D343D} = {433007AA-2C03-481D-B56B-5FA6840D343D}
		{433007AA-2C03-481D-B56B-5FA6840D343D} = {433007AA-2C03-481D-B56B-5FA6840D343D}
		{433007AA-2C03-481D-B56B-5FA6840D343D} = {433007AA-2C03-481D-B56B-5FA6840D343D}
		{433007AA-2C03-481D-B56B-5FA6840D343D} = {433007AA-2C03-481D-B56B-5FA6840D343D}
		{433007AA-2C03-481D-B56B-5FA6840D343D} = {433007AA-2C03-481D-B56B-5FA6840D343D}
		{433007AA-2C03-481D-B56B-5FA6840D343D} = {433007AA-2C03-481D-B56B-5FA6840D343D}
		{433007AA-2C03-481D-B56B-5FA6840D343D} = {433007AA-2C03-481D-B56B-5FA6840D343D}
		{433007AA-2C03-481D-B56B-5FA6840D343D} = {433007AA-2C03-481D-B56B-5FA6840D343D}
		{433007AA-2C03-481D-B56B-5FA6840D343D} = {433007AA-2C03-481D-B56B-5FA6840D343D}
		{433007AA-2C03-481D-B56B-5FA6840D343D} = {433007AA-2C03-481D-B56B-5FA6840D343D}
		{433007AA-2C03-481D-B56B-5FA6840D343D} = {433007AA-2C03-481D-B56B-5FA6840D343D}
		{433007AA-2C03-481D-B56B-5FA6840D343D} = {433007AA-2C03-481D-B56B-5FA6840D343D}
		{433007AA-2C03-481D-B56B-5FA6840D343D} = {433007AA-2C03-481D-B56B-5FA6840D343D}
		{433007AA-2C03-481D-B56B-5FA6840D343D} = {433007AA-2C03-481D-B56B-5FA6840D343D}
		{433007AA-2C03-481D-B56B-5FA6840D343D} = {433007AA-2C03-481D-B56B-5FA6840D343D}
		{433007AA-2C03-481D-B56B-5FA6840D343D} = {433007AA-2C03-481D-B56B-5FA6840D343D}
		{433007AA-2C03-481D-B56B-5FA6840D343D} = {433007AA-2C03-481D-B56B-5FA6840D343D}
		{433007AA-2C03-481D-B56B-5FA6840D343D} = {433007AA-2C03-481D-B56B-5FA6840D343D}
		{433007AA-2C03-481D-B56B-5FA6840D343D} = {433007AA-2C03-481D-B56B-5FA6840D343D}
		{433007AA-2C03-481D-B56B-5FA6840D343D} = {433007AA-2C03-481D-B56B-5FA6840D343D}
		{433007AA-2C03-481D-B56B-5FA6840D343D} = {433007AA-2C03-481D-B56B-5FA6840D343D}
		{433007AA-2C03-481D-B56B-5FA6840D343D} = {433007AA-2C03-481D-B56B-5FA6840D343D}
		{433007AA-2C03-481D-B56B-5FA6840D343D} = {433007AA-2C03-481D-B56B-5FA6840D343D}
		{433007AA-2C03-481D-B56B-5FA6840D343D} = {433007AA-2C03-481D-B56B-5FA6840D343D}
		{F41BC1AC-4DA3-4D02-999C-6E4DB0D74420} = {F41BC1AC-4DA3-4D02-999C-6E4DB0D74420}
		{74405EAE-394C-433A-ACD7-27B1B90CF26C} = {74405EAE-394C-433A-ACD7-27B1B90CF26C}
		{C69895B2-28E6-4E13-BC48-D4BAED3DCC5A} = {C69895B2-28E6-4E13-BC48-D4BAED3DCC5A}
		{C69895B2-28E6-4E13-BC48-D4BAED3DCC5A} = {C69895B2-28E6-4E13-BC48-D4BAED3DCC5A}
		{C69895B2-28E6-4E13-BC48-D4BAED3DCC5A} = {C69895B2-28E6-4E13-BC48-D4BAED3DCC5A}
		{C69895B2-28E6-4E13-BC48-D4BAED3DCC5A} = {C69895B2-28E6-4E13-BC48-D4BAED3DCC5A}
		{C69895B2-28E6-4E13-BC48-D4BAED3DCC5A} = {C69895B2-28E6-4E13-BC48-D4BAED3DCC5A}
		{C69895B2-28E6-4E13-BC48-D4BAED3DCC5A} = {C69895B2-28E6-4E13-BC48-D4BAED3DCC5A}
		{C69895B2-28E6-4E13-BC48-D4BAED3DCC5A} = {C69895B2-28E6-4E13-BC48-D4BAED3DCC5A}
		{C69895B2-28E6-4E13-BC48-D4BAED3DCC5A} = {C69895B2-28E6-4E13-BC48-D4BAED3DCC5A}
		{3623B3B4-90A1-4FC4-B0C3-98580C2A69DA} = {3623B3B4-90A1-4FC4-B0C3-98580C2A69DA}
		{2C1A99CD-4854-4064-9484-F1EB57F366E5} = {2C1A99CD-4854-4064-9484-F1EB57F366E5}
		{2C1A99CD-4854-4064-9484-F1EB57F366E5} = {2C1A99CD-4854-4064-9484-F1EB57F366E5}
		{6674B4DB-2A9A-4D36-B1B6-38796B6D4689} = {6674B4DB-2A9A-4D36-B1B6-38796B6D4689}
		{6674B4DB-2A9A-4D36-B1B6-38796B6D4689} = {6674B4DB-2A9A-4D36-B1B6-38796B6D4689}
		{91F671E4-7F2F-4F32-B905-A5A6D1622B9F} = {91F671E4-7F2F-4F32-B905-A5A6D1622B9F}
		{91F671E4-7F2F-4F32-B905-A5A6D1622B9F} = {91F671E4-7F2F-4F32-B905-A5A6D1622B9F}
		{530EC8E4-2422-45EE-9289-0091A4E8E083} = {530EC8E4-2422-45EE-9289-0091A4E8E083}
		{CE1BF5E4-822E-49BB-ACD6-3251CE7D0B67} = {CE1BF5E4-822E-49BB-ACD6-3251CE7D0B67}
		{7E59BCEB-4FD9-42DF-951E-C196F709BAB8} = {7E59BCEB-4FD9-42DF-951E-C196F709BAB8}
		{84E063F1-80EF-432B-93A3-90C3159F16DE} = {84E063F1-80EF-432B-93A3-90C3159F16DE}
		{EC35C4F3-4DC4-4B87-B884-9DAAA8398BD8} = {EC35C4F3-4DC4-4B87-B884-9DAAA8398BD8}
		{C05BD8F3-7197-4B4B-9DFE-EB014490F51C} = {C05BD8F3-7197-4B4B-9DFE-EB014490F51C}
		{6083BAFF-695F-456B-8531-DBDD03C9702C} = {6083BAFF-695F-456B-8531-DBDD03C9702C}
	EndProjectSection
EndProject
Project("{8BC9CEB8-8B4A-11D0-8D11-00A0C91BC942}") = "cvsservice", "cvsservice\cvsservice.vcproj", "{F6DC1E90-8EFC-4D11-8D44-DAD00CF734DA}"
	ProjectSection(ProjectDependencies) = postProject
		{BCF71D75-2C0F-4B0F-967E-20D2EE52AB08} = {BCF71D75-2C0F-4B0F-967E-20D2EE52AB08}
		{E634DE84-6C6C-4111-90AF-CC9EE0BE9EC9} = {E634DE84-6C6C-4111-90AF-CC9EE0BE9EC9}
		{5F0B4A94-9332-45D5-881E-F9F4C4CD03F6} = {5F0B4A94-9332-45D5-881E-F9F4C4CD03F6}
	EndProjectSection
EndProject
Project("{8BC9CEB8-8B4A-11D0-8D11-00A0C91BC942}") = "ext_protocol", "protocols\ext_protocol.vcproj", "{00725064-BF63-4724-9FB4-740EABE62CEC}"
	ProjectSection(ProjectDependencies) = postProject
		{BCF71D75-2C0F-4B0F-967E-20D2EE52AB08} = {BCF71D75-2C0F-4B0F-967E-20D2EE52AB08}
		{5F0B4A94-9332-45D5-881E-F9F4C4CD03F6} = {5F0B4A94-9332-45D5-881E-F9F4C4CD03F6}
	EndProjectSection
EndProject
Project("{8BC9CEB8-8B4A-11D0-8D11-00A0C91BC942}") = "fork_protocol", "protocols\fork_protocol.vcproj", "{5D695560-5DD9-4EF5-9B2E-D609D1A05324}"
	ProjectSection(ProjectDependencies) = postProject
		{BCF71D75-2C0F-4B0F-967E-20D2EE52AB08} = {BCF71D75-2C0F-4B0F-967E-20D2EE52AB08}
		{5F0B4A94-9332-45D5-881E-F9F4C4CD03F6} = {5F0B4A94-9332-45D5-881E-F9F4C4CD03F6}
	EndProjectSection
EndProject
Project("{8BC9CEB8-8B4A-11D0-8D11-00A0C91BC942}") = "libdiff", "diff\libdiff.vcproj", "{5CD43033-B004-4886-8E4D-3A622A7AD677}"
	ProjectSection(ProjectDependencies) = postProject
		{2B05202E-5DD0-4543-99B9-188A23E8139D} = {2B05202E-5DD0-4543-99B9-188A23E8139D}
		{BCF71D75-2C0F-4B0F-967E-20D2EE52AB08} = {BCF71D75-2C0F-4B0F-967E-20D2EE52AB08}
	EndProjectSection
EndProject
Project("{8BC9CEB8-8B4A-11D0-8D11-00A0C91BC942}") = "postinst", "postinst\postinst.vcproj", "{E55F4833-F513-4F88-89AB-BCC2E39F81D8}"
	ProjectSection(ProjectDependencies) = postProject
	EndProjectSection
EndProject
Project("{8BC9CEB8-8B4A-11D0-8D11-00A0C91BC942}") = "pserver_protocol", "protocols\pserver_protocol.vcproj", "{68D18485-174E-46BB-A1FC-132DDCCC2EE0}"
	ProjectSection(ProjectDependencies) = postProject
		{BCF71D75-2C0F-4B0F-967E-20D2EE52AB08} = {BCF71D75-2C0F-4B0F-967E-20D2EE52AB08}
		{5F0B4A94-9332-45D5-881E-F9F4C4CD03F6} = {5F0B4A94-9332-45D5-881E-F9F4C4CD03F6}
	EndProjectSection
EndProject
Project("{8BC9CEB8-8B4A-11D0-8D11-00A0C91BC942}") = "sspi_protocol", "protocols\sspi_protocol.vcproj", "{AFF96908-CC5E-40D2-94FC-78090D420832}"
	ProjectSection(ProjectDependencies) = postProject
		{BCF71D75-2C0F-4B0F-967E-20D2EE52AB08} = {BCF71D75-2C0F-4B0F-967E-20D2EE52AB08}
		{5F0B4A94-9332-45D5-881E-F9F4C4CD03F6} = {5F0B4A94-9332-45D5-881E-F9F4C4CD03F6}
		{C69895B2-28E6-4E13-BC48-D4BAED3DCC5A} = {C69895B2-28E6-4E13-BC48-D4BAED3DCC5A}
	EndProjectSection
EndProject
Project("{8BC9CEB8-8B4A-11D0-8D11-00A0C91BC942}") = "cvsntcpl", "cvsntcpl\cvsntcpl.vcproj", "{EC35C4F3-4DC4-4B87-B884-9DAAA8398BD8}"
	ProjectSection(ProjectDependencies) = postProject
		{86C5205D-21BC-4CDE-86BE-7AC921D0C6A5} = {86C5205D-21BC-4CDE-86BE-7AC921D0C6A5}
		{BCF71D75-2C0F-4B0F-967E-20D2EE52AB08} = {BCF71D75-2C0F-4B0F-967E-20D2EE52AB08}
		{E634DE84-6C6C-4111-90AF-CC9EE0BE9EC9} = {E634DE84-6C6C-4111-90AF-CC9EE0BE9EC9}
		{F6DC1E90-8EFC-4D11-8D44-DAD00CF734DA} = {F6DC1E90-8EFC-4D11-8D44-DAD00CF734DA}
		{5F0B4A94-9332-45D5-881E-F9F4C4CD03F6} = {5F0B4A94-9332-45D5-881E-F9F4C4CD03F6}
	EndProjectSection
EndProject
Project("{8BC9CEB8-8B4A-11D0-8D11-00A0C91BC942}") = "lockservice", "lockservice\lockservice.vcproj", "{44F87A6B-B243-4961-9236-2498E4695331}"
	ProjectSection(ProjectDependencies) = postProject
		{BCF71D75-2C0F-4B0F-967E-20D2EE52AB08} = {BCF71D75-2C0F-4B0F-967E-20D2EE52AB08}
		{E634DE84-6C6C-4111-90AF-CC9EE0BE9EC9} = {E634DE84-6C6C-4111-90AF-CC9EE0BE9EC9}
		{F6DC1E90-8EFC-4D11-8D44-DAD00CF734DA} = {F6DC1E90-8EFC-4D11-8D44-DAD00CF734DA}
		{5F0B4A94-9332-45D5-881E-F9F4C4CD03F6} = {5F0B4A94-9332-45D5-881E-F9F4C4CD03F6}
	EndProjectSection
EndProject
Project("{8BC9CEB8-8B4A-11D0-8D11-00A0C91BC942}") = "gserver_protocol", "protocols\gserver_protocol_ad.vcproj", "{C05BD8F3-7197-4B4B-9DFE-EB014490F51C}"
	ProjectSection(ProjectDependencies) = postProject
		{BCF71D75-2C0F-4B0F-967E-20D2EE52AB08} = {BCF71D75-2C0F-4B0F-967E-20D2EE52AB08}
		{44D20481-5119-4D1B-A194-A7B5AEF9C23C} = {44D20481-5119-4D1B-A194-A7B5AEF9C23C}
		{5F0B4A94-9332-45D5-881E-F9F4C4CD03F6} = {5F0B4A94-9332-45D5-881E-F9F4C4CD03F6}
	EndProjectSection
EndProject
Project("{8BC9CEB8-8B4A-11D0-8D11-00A0C91BC942}") = "gss-ad", "windows-NT\gss-ad\gss-ad.vcproj", "{44D20481-5119-4D1B-A194-A7B5AEF9C23C}"
	ProjectSection(ProjectDependencies) = postProject
	EndProjectSection
EndProject
Project("{8BC9CEB8-8B4A-11D0-8D11-00A0C91BC942}") = "server_protocol", "protocols\server_protocol.vcproj", "{6FED639C-5FE8-4FDF-ABE8-F720947AC9A1}"
	ProjectSection(ProjectDependencies) = postProject
		{BCF71D75-2C0F-4B0F-967E-20D2EE52AB08} = {BCF71D75-2C0F-4B0F-967E-20D2EE52AB08}
		{5F0B4A94-9332-45D5-881E-F9F4C4CD03F6} = {5F0B4A94-9332-45D5-881E-F9F4C4CD03F6}
	EndProjectSection
EndProject
Project("{8BC9CEB8-8B4A-11D0-8D11-00A0C91BC942}") = "ssh_protocol", "protocols\ssh_protocol.vcproj", "{A8630794-5C8B-4B7F-AF1B-DF12FD6C397F}"
	ProjectSection(ProjectDependencies) = postProject
		{FE571818-1B67-41FB-B49D-850D650CF661} = {FE571818-1B67-41FB-B49D-850D650CF661}
		{BCF71D75-2C0F-4B0F-967E-20D2EE52AB08} = {BCF71D75-2C0F-4B0F-967E-20D2EE52AB08}
		{5F0B4A94-9332-45D5-881E-F9F4C4CD03F6} = {5F0B4A94-9332-45D5-881E-F9F4C4CD03F6}
	EndProjectSection
EndProject
Project("{8BC9CEB8-8B4A-11D0-8D11-00A0C91BC942}") = "plink", "plink\plink.vcproj", "{FE571818-1B67-41FB-B49D-850D650CF661}"
	ProjectSection(ProjectDependencies) = postProject
	EndProjectSection
EndProject
Project("{8BC9CEB8-8B4A-11D0-8D11-00A0C91BC942}") = "sserver_protocol", "protocols\sserver_protocol.vcproj", "{7B67F987-4BBB-4FD4-B537-77BF79ABD04F}"
	ProjectSection(ProjectDependencies) = postProject
		{BCF71D75-2C0F-4B0F-967E-20D2EE52AB08} = {BCF71D75-2C0F-4B0F-967E-20D2EE52AB08}
		{5F0B4A94-9332-45D5-881E-F9F4C4CD03F6} = {5F0B4A94-9332-45D5-881E-F9F4C4CD03F6}
	EndProjectSection
EndProject
Project("{8BC9CEB8-8B4A-11D0-8D11-00A0C91BC942}") = "co", "rcs\co.vcproj", "{433007AA-2C03-481D-B56B-5FA6840D343D}"
	ProjectSection(ProjectDependencies) = postProject
	EndProjectSection
EndProject
Project("{8BC9CEB8-8B4A-11D0-8D11-00A0C91BC942}") = "zlib", "zlib\win32\zlib.vcproj", "{2C1A99CD-4854-4064-9484-F1EB57F366E5}"
	ProjectSection(ProjectDependencies) = postProject
	EndProjectSection
EndProject
Project("{8BC9CEB8-8B4A-11D0-8D11-00A0C91BC942}") = "cvsdelta", "cvsdelta\cvsdelta.vcproj", "{6674B4DB-2A9A-4D36-B1B6-38796B6D4689}"
	ProjectSection(ProjectDependencies) = postProject
	EndProjectSection
EndProject
Project("{8BC9CEB8-8B4A-11D0-8D11-00A0C91BC942}") = "libsuid", "windows-NT\setuid\libsuid\libsuid.vcproj", "{C69895B2-28E6-4E13-BC48-D4BAED3DCC5A}"
	ProjectSection(ProjectDependencies) = postProject
	EndProjectSection
EndProject
Project("{8BC9CEB8-8B4A-11D0-8D11-00A0C91BC942}") = "setuid", "windows-NT\setuid\setuid\setuid.vcproj", "{E066EF1F-0DD5-4338-ABC9-C413A556AB0F}"
	ProjectSection(ProjectDependencies) = postProject
	EndProjectSection
EndProject
Project("{8BC9CEB8-8B4A-11D0-8D11-00A0C91BC942}") = "cvsagent", "cvsagent\win32\cvsagent.vcproj", "{A6BB2070-E9A8-442C-BC75-577EEE7382BA}"
	ProjectSection(ProjectDependencies) = postProject
		{E634DE84-6C6C-4111-90AF-CC9EE0BE9EC9} = {E634DE84-6C6C-4111-90AF-CC9EE0BE9EC9}
	EndProjectSection
EndProject
Project("{8BC9CEB8-8B4A-11D0-8D11-00A0C91BC942}") = "cvsdiag", "windows-NT\cvsdiag\cvsdiag.vcproj", "{CCE61C64-AC44-40E2-8E75-034C8F60834F}"
	ProjectSection(ProjectDependencies) = postProject
		{C69895B2-28E6-4E13-BC48-D4BAED3DCC5A} = {C69895B2-28E6-4E13-BC48-D4BAED3DCC5A}
	EndProjectSection
EndProject
Project("{8BC9CEB8-8B4A-11D0-8D11-00A0C91BC942}") = "su", "su\su.vcproj", "{3C61DD27-F69A-4444-A848-A3D98F22DCA8}"
	ProjectSection(ProjectDependencies) = postProject
		{C69895B2-28E6-4E13-BC48-D4BAED3DCC5A} = {C69895B2-28E6-4E13-BC48-D4BAED3DCC5A}
	EndProjectSection
EndProject
Project("{8BC9CEB8-8B4A-11D0-8D11-00A0C91BC942}") = "extnt", "extnt\extnt.vcproj", "{ADC6AA27-C931-4C72-934B-7C3E81929F07}"
	ProjectSection(ProjectDependencies) = postProject
		{BCF71D75-2C0F-4B0F-967E-20D2EE52AB08} = {BCF71D75-2C0F-4B0F-967E-20D2EE52AB08}
		{5F0B4A94-9332-45D5-881E-F9F4C4CD03F6} = {5F0B4A94-9332-45D5-881E-F9F4C4CD03F6}
	EndProjectSection
EndProject
Project("{8BC9CEB8-8B4A-11D0-8D11-00A0C91BC942}") = "expat", "expat\vcnet\expat.vcproj", "{7E59BCEB-4FD9-42DF-951E-C196F709BAB8}"
	ProjectSection(ProjectDependencies) = postProject
	EndProjectSection
EndProject
Project("{8BC9CEB8-8B4A-11D0-8D11-00A0C91BC942}") = "setci", "windows-NT\posixdir\setci\setci.vcproj", "{6083BAFF-695F-456B-8531-DBDD03C9702C}"
	ProjectSection(ProjectDependencies) = postProject
		{86C5205D-21BC-4CDE-86BE-7AC921D0C6A5} = {86C5205D-21BC-4CDE-86BE-7AC921D0C6A5}
	EndProjectSection
EndProject
Project("{8BC9CEB8-8B4A-11D0-8D11-00A0C91BC942}") = "cvscontrol", "control-panel\cvscontrol.vcproj", "{03C78F20-271D-4E1B-8440-255E4B2939F3}"
	ProjectSection(ProjectDependencies) = postProject
		{BCF71D75-2C0F-4B0F-967E-20D2EE52AB08} = {BCF71D75-2C0F-4B0F-967E-20D2EE52AB08}
		{BCF71D75-2C0F-4B0F-967E-20D2EE52AB08} = {BCF71D75-2C0F-4B0F-967E-20D2EE52AB08}
	EndProjectSection
EndProject
Project("{8BC9CEB8-8B4A-11D0-8D11-00A0C91BC942}") = "cvsflt", "windows-NT\posixdir\cvsflt\cvsflt.vcproj", "{86C5205D-21BC-4CDE-86BE-7AC921D0C6A5}"
	ProjectSection(ProjectDependencies) = postProject
	EndProjectSection
EndProject
Project("{8BC9CEB8-8B4A-11D0-8D11-00A0C91BC942}") = "gnulib", "lib\gnulib.vcproj", "{2B05202E-5DD0-4543-99B9-188A23E8139D}"
	ProjectSection(ProjectDependencies) = postProject
	EndProjectSection
EndProject
Project("{8BC9CEB8-8B4A-11D0-8D11-00A0C91BC942}") = "cvsapi", "cvsapi\cvsapi.vcproj", "{BCF71D75-2C0F-4B0F-967E-20D2EE52AB08}"
	ProjectSection(ProjectDependencies) = postProject
		{61D75468-3718-47EE-BF14-7B1CA51BBAD6} = {61D75468-3718-47EE-BF14-7B1CA51BBAD6}
		{E634DE84-6C6C-4111-90AF-CC9EE0BE9EC9} = {E634DE84-6C6C-4111-90AF-CC9EE0BE9EC9}
		{3623B3B4-90A1-4FC4-B0C3-98580C2A69DA} = {3623B3B4-90A1-4FC4-B0C3-98580C2A69DA}
		{7E59BCEB-4FD9-42DF-951E-C196F709BAB8} = {7E59BCEB-4FD9-42DF-951E-C196F709BAB8}
	EndProjectSection
EndProject
Project("{8BC9CEB8-8B4A-11D0-8D11-00A0C91BC942}") = "ext_xdiff", "xdiff\ext_xdiff.vcproj", "{4AD8AB20-D822-44E2-AEC1-E870140D254A}"
	ProjectSection(ProjectDependencies) = postProject
		{BCF71D75-2C0F-4B0F-967E-20D2EE52AB08} = {BCF71D75-2C0F-4B0F-967E-20D2EE52AB08}
	EndProjectSection
EndProject
Project("{8BC9CEB8-8B4A-11D0-8D11-00A0C91BC942}") = "xml_xdiff", "xdiff\xml_xdiff.vcproj", "{D8FDB582-57E3-40DE-9F35-9764EB1E4148}"
	ProjectSection(ProjectDependencies) = postProject
		{2B05202E-5DD0-4543-99B9-188A23E8139D} = {2B05202E-5DD0-4543-99B9-188A23E8139D}
		{5CD43033-B004-4886-8E4D-3A622A7AD677} = {5CD43033-B004-4886-8E4D-3A622A7AD677}
		{BCF71D75-2C0F-4B0F-967E-20D2EE52AB08} = {BCF71D75-2C0F-4B0F-967E-20D2EE52AB08}
	EndProjectSection
EndProject
Project("{8BC9CEB8-8B4A-11D0-8D11-00A0C91BC942}") = "genbuild", "genbuild\genbuild.vcproj", "{E634DE84-6C6C-4111-90AF-CC9EE0BE9EC9}"
	ProjectSection(ProjectDependencies) = postProject
		{FB92EE3E-0336-4556-B51E-F9AB4975B988} = {FB92EE3E-0336-4556-B51E-F9AB4975B988}
	EndProjectSection
EndProject
Project("{8BC9CEB8-8B4A-11D0-8D11-00A0C91BC942}") = "info_triggers", "triggers\info_triggers.vcproj", "{B927591E-977E-41E9-A2A1-C701F39E426A}"
	ProjectSection(ProjectDependencies) = postProject
		{BCF71D75-2C0F-4B0F-967E-20D2EE52AB08} = {BCF71D75-2C0F-4B0F-967E-20D2EE52AB08}
		{5F0B4A94-9332-45D5-881E-F9F4C4CD03F6} = {5F0B4A94-9332-45D5-881E-F9F4C4CD03F6}
	EndProjectSection
EndProject
Project("{8BC9CEB8-8B4A-11D0-8D11-00A0C91BC942}") = "cvsgui", "cvsgui\cvsgui.vcproj", "{EDF87796-6F09-4C8A-8202-77ADDB81284B}"
	ProjectSection(ProjectDependencies) = postProject
	EndProjectSection
EndProject
Project("{8BC9CEB8-8B4A-11D0-8D11-00A0C91BC942}") = "pcre", "pcre\pcre.vcproj", "{61D75468-3718-47EE-BF14-7B1CA51BBAD6}"
	ProjectSection(ProjectDependencies) = postProject
	EndProjectSection
EndProject
Project("{8BC9CEB8-8B4A-11D0-8D11-00A0C91BC942}") = "script_trigger", "triggers\script_trigger.vcproj", "{A5EFF26A-60FC-42D4-AB5C-E4159E5672AE}"
	ProjectSection(ProjectDependencies) = postProject
		{BCF71D75-2C0F-4B0F-967E-20D2EE52AB08} = {BCF71D75-2C0F-4B0F-967E-20D2EE52AB08}
		{5F0B4A94-9332-45D5-881E-F9F4C4CD03F6} = {5F0B4A94-9332-45D5-881E-F9F4C4CD03F6}
	EndProjectSection
EndProject
Project("{8BC9CEB8-8B4A-11D0-8D11-00A0C91BC942}") = "enum_protocol", "protocols\enum_protocol.vcproj", "{2F90C820-CD6E-4BA2-A6A1-339147E508AA}"
	ProjectSection(ProjectDependencies) = postProject
		{BCF71D75-2C0F-4B0F-967E-20D2EE52AB08} = {BCF71D75-2C0F-4B0F-967E-20D2EE52AB08}
		{5F0B4A94-9332-45D5-881E-F9F4C4CD03F6} = {5F0B4A94-9332-45D5-881E-F9F4C4CD03F6}
	EndProjectSection
EndProject
Project("{8BC9CEB8-8B4A-11D0-8D11-00A0C91BC942}") = "mdnsclient", "mdnsclient\mdnsclient.vcproj", "{3623B3B4-90A1-4FC4-B0C3-98580C2A69DA}"
	ProjectSection(ProjectDependencies) = postProject
	EndProjectSection
EndProject
Project("{8BC9CEB8-8B4A-11D0-8D11-00A0C91BC942}") = "email_trigger", "triggers\email_trigger.vcproj", "{CE1BF5E4-822E-49BB-ACD6-3251CE7D0B67}"
	ProjectSection(ProjectDependencies) = postProject
		{BCF71D75-2C0F-4B0F-967E-20D2EE52AB08} = {BCF71D75-2C0F-4B0F-967E-20D2EE52AB08}
		{5F0B4A94-9332-45D5-881E-F9F4C4CD03F6} = {5F0B4A94-9332-45D5-881E-F9F4C4CD03F6}
	EndProjectSection
EndProject
Project("{8BC9CEB8-8B4A-11D0-8D11-00A0C91BC942}") = "audit_trigger", "triggers\audit_trigger.vcproj", "{530EC8E4-2422-45EE-9289-0091A4E8E083}"
	ProjectSection(ProjectDependencies) = postProject
		{BCF71D75-2C0F-4B0F-967E-20D2EE52AB08} = {BCF71D75-2C0F-4B0F-967E-20D2EE52AB08}
		{5F0B4A94-9332-45D5-881E-F9F4C4CD03F6} = {5F0B4A94-9332-45D5-881E-F9F4C4CD03F6}
	EndProjectSection
EndProject
Project("{8BC9CEB8-8B4A-11D0-8D11-00A0C91BC942}") = "checkout_trigger", "triggers\checkout_trigger.vcproj", "{32F96195-E679-4DE4-8B8B-27D2A3CE1014}"
	ProjectSection(ProjectDependencies) = postProject
		{BCF71D75-2C0F-4B0F-967E-20D2EE52AB08} = {BCF71D75-2C0F-4B0F-967E-20D2EE52AB08}
		{5F0B4A94-9332-45D5-881E-F9F4C4CD03F6} = {5F0B4A94-9332-45D5-881E-F9F4C4CD03F6}
	EndProjectSection
EndProject
Project("{8BC9CEB8-8B4A-11D0-8D11-00A0C91BC942}") = "cvstools", "cvstools\cvstools.vcproj", "{5F0B4A94-9332-45D5-881E-F9F4C4CD03F6}"
	ProjectSection(ProjectDependencies) = postProject
		{BCF71D75-2C0F-4B0F-967E-20D2EE52AB08} = {BCF71D75-2C0F-4B0F-967E-20D2EE52AB08}
		{EDF87796-6F09-4C8A-8202-77ADDB81284B} = {EDF87796-6F09-4C8A-8202-77ADDB81284B}
	EndProjectSection
EndProject
Project("{8BC9CEB8-8B4A-11D0-8D11-00A0C91BC942}") = "simcpl", "simcvs\simcpl.vcproj", "{543E4395-6BA3-47FE-862D-7D5D27B83D2A}"
	ProjectSection(ProjectDependencies) = postProject
	EndProjectSection
EndProject
Project("{8BC9CEB8-8B4A-11D0-8D11-00A0C91BC942}") = "simcvs", "simcvs\simcvs.vcproj", "{A23EC62C-E9C4-4145-B953-90D533CDF47B}"
	ProjectSection(ProjectDependencies) = postProject
	EndProjectSection
EndProject
Project("{8BC9CEB8-8B4A-11D0-8D11-00A0C91BC942}") = "rcsdiff", "rcs\rcsdiff.vcproj", "{45866BA8-03B2-40FC-9CA5-1BB7A17B10A1}"
	ProjectSection(ProjectDependencies) = postProject
	EndProjectSection
EndProject
Project("{8BC9CEB8-8B4A-11D0-8D11-00A0C91BC942}") = "rlog", "rcs\rlog.vcproj", "{9E7B849C-CB9C-499B-B2B2-ECA70C5784D2}"
	ProjectSection(ProjectDependencies) = postProject
	EndProjectSection
EndProject
Project("{8BC9CEB8-8B4A-11D0-8D11-00A0C91BC942}") = "genkey", "genkey\genkey.vcproj", "{C2CD3641-0F72-4C10-852B-CAA694D28E86}"
	ProjectSection(ProjectDependencies) = postProject
	EndProjectSection
EndProject
Project("{8BC9CEB8-8B4A-11D0-8D11-00A0C91BC942}") = "uninsthlp", "uninsthlp\uninsthlp.vcproj", "{84E063F1-80EF-432B-93A3-90C3159F16DE}"
	ProjectSection(ProjectDependencies) = postProject
	EndProjectSection
EndProject
Project("{8BC9CEB8-8B4A-11D0-8D11-00A0C91BC942}") = "WorkspaceViewer", "WorkspaceViewer\WorkspaceViewer.vcproj", "{F41BC1AC-4DA3-4D02-999C-6E4DB0D74420}"
	ProjectSection(ProjectDependencies) = postProject
		{BCF71D75-2C0F-4B0F-967E-20D2EE52AB08} = {BCF71D75-2C0F-4B0F-967E-20D2EE52AB08}
		{5F0B4A94-9332-45D5-881E-F9F4C4CD03F6} = {5F0B4A94-9332-45D5-881E-F9F4C4CD03F6}
	EndProjectSection
EndProject
Project("{8BC9CEB8-8B4A-11D0-8D11-00A0C91BC942}") = "apiloader", "cvsapi\apiloader\apiloader.vcproj", "{D0305221-49F5-4CD3-AF96-E0C5CD04F440}"
	ProjectSection(ProjectDependencies) = postProject
	EndProjectSection
EndProject
Project("{8BC9CEB8-8B4A-11D0-8D11-00A0C91BC942}") = "mkmanifest", "windows-NT\mkmanifest\mkmanifest.vcproj", "{FB92EE3E-0336-4556-B51E-F9AB4975B988}"
	ProjectSection(ProjectDependencies) = postProject
	EndProjectSection
EndProject
Project("{8BC9CEB8-8B4A-11D0-8D11-00A0C91BC942}") = "chkmanifest", "windows-NT\chkmanifest\chkmanifest.vcproj", "{74405EAE-394C-433A-ACD7-27B1B90CF26C}"
	ProjectSection(ProjectDependencies) = postProject
	EndProjectSection
EndProject
Global
	GlobalSection(SolutionConfiguration) = preSolution
		Debug = Debug
		Release = Release
	EndGlobalSection
	GlobalSection(ProjectConfiguration) = postSolution
		{91F671E4-7F2F-4F32-B905-A5A6D1622B9F}.Debug.ActiveCfg = Debug|Win32
		{91F671E4-7F2F-4F32-B905-A5A6D1622B9F}.Debug.Build.0 = Debug|Win32
		{91F671E4-7F2F-4F32-B905-A5A6D1622B9F}.Release.ActiveCfg = Release|Win32
		{91F671E4-7F2F-4F32-B905-A5A6D1622B9F}.Release.Build.0 = Release|Win32
		{A66D1177-64F6-45C4-B52D-601FF97B3B50}.Debug.ActiveCfg = Debug|Win32
		{A66D1177-64F6-45C4-B52D-601FF97B3B50}.Debug.Build.0 = Debug|Win32
		{A66D1177-64F6-45C4-B52D-601FF97B3B50}.Release.ActiveCfg = Release|Win32
		{A66D1177-64F6-45C4-B52D-601FF97B3B50}.Release.Build.0 = Release|Win32
		{43B8C2B3-0526-4121-91F8-F218ABC1D0C2}.Debug.ActiveCfg = Debug|Win32
		{43B8C2B3-0526-4121-91F8-F218ABC1D0C2}.Debug.Build.0 = Debug|Win32
		{43B8C2B3-0526-4121-91F8-F218ABC1D0C2}.Release.ActiveCfg = Release|Win32
		{43B8C2B3-0526-4121-91F8-F218ABC1D0C2}.Release.Build.0 = Release|Win32
		{F6DC1E90-8EFC-4D11-8D44-DAD00CF734DA}.Debug.ActiveCfg = Debug|Win32
		{F6DC1E90-8EFC-4D11-8D44-DAD00CF734DA}.Debug.Build.0 = Debug|Win32
		{F6DC1E90-8EFC-4D11-8D44-DAD00CF734DA}.Release.ActiveCfg = Release|Win32
		{F6DC1E90-8EFC-4D11-8D44-DAD00CF734DA}.Release.Build.0 = Release|Win32
		{00725064-BF63-4724-9FB4-740EABE62CEC}.Debug.ActiveCfg = Debug|Win32
		{00725064-BF63-4724-9FB4-740EABE62CEC}.Debug.Build.0 = Debug|Win32
		{00725064-BF63-4724-9FB4-740EABE62CEC}.Release.ActiveCfg = Release|Win32
		{00725064-BF63-4724-9FB4-740EABE62CEC}.Release.Build.0 = Release|Win32
		{5D695560-5DD9-4EF5-9B2E-D609D1A05324}.Debug.ActiveCfg = Debug|Win32
		{5D695560-5DD9-4EF5-9B2E-D609D1A05324}.Debug.Build.0 = Debug|Win32
		{5D695560-5DD9-4EF5-9B2E-D609D1A05324}.Release.ActiveCfg = Release|Win32
		{5D695560-5DD9-4EF5-9B2E-D609D1A05324}.Release.Build.0 = Release|Win32
		{5CD43033-B004-4886-8E4D-3A622A7AD677}.Debug.ActiveCfg = Debug|Win32
		{5CD43033-B004-4886-8E4D-3A622A7AD677}.Debug.Build.0 = Debug|Win32
		{5CD43033-B004-4886-8E4D-3A622A7AD677}.Release.ActiveCfg = Release|Win32
		{5CD43033-B004-4886-8E4D-3A622A7AD677}.Release.Build.0 = Release|Win32
		{E55F4833-F513-4F88-89AB-BCC2E39F81D8}.Debug.ActiveCfg = Debug|Win32
		{E55F4833-F513-4F88-89AB-BCC2E39F81D8}.Debug.Build.0 = Debug|Win32
		{E55F4833-F513-4F88-89AB-BCC2E39F81D8}.Release.ActiveCfg = Release|Win32
		{E55F4833-F513-4F88-89AB-BCC2E39F81D8}.Release.Build.0 = Release|Win32
		{68D18485-174E-46BB-A1FC-132DDCCC2EE0}.Debug.ActiveCfg = Debug|Win32
		{68D18485-174E-46BB-A1FC-132DDCCC2EE0}.Debug.Build.0 = Debug|Win32
		{68D18485-174E-46BB-A1FC-132DDCCC2EE0}.Release.ActiveCfg = Release|Win32
		{68D18485-174E-46BB-A1FC-132DDCCC2EE0}.Release.Build.0 = Release|Win32
		{AFF96908-CC5E-40D2-94FC-78090D420832}.Debug.ActiveCfg = Debug|Win32
		{AFF96908-CC5E-40D2-94FC-78090D420832}.Debug.Build.0 = Debug|Win32
		{AFF96908-CC5E-40D2-94FC-78090D420832}.Release.ActiveCfg = Release|Win32
		{AFF96908-CC5E-40D2-94FC-78090D420832}.Release.Build.0 = Release|Win32
		{EC35C4F3-4DC4-4B87-B884-9DAAA8398BD8}.Debug.ActiveCfg = Debug|Win32
		{EC35C4F3-4DC4-4B87-B884-9DAAA8398BD8}.Debug.Build.0 = Debug|Win32
		{EC35C4F3-4DC4-4B87-B884-9DAAA8398BD8}.Release.ActiveCfg = Release|Win32
		{EC35C4F3-4DC4-4B87-B884-9DAAA8398BD8}.Release.Build.0 = Release|Win32
		{44F87A6B-B243-4961-9236-2498E4695331}.Debug.ActiveCfg = Debug|Win32
		{44F87A6B-B243-4961-9236-2498E4695331}.Debug.Build.0 = Debug|Win32
		{44F87A6B-B243-4961-9236-2498E4695331}.Release.ActiveCfg = Release|Win32
		{44F87A6B-B243-4961-9236-2498E4695331}.Release.Build.0 = Release|Win32
		{C05BD8F3-7197-4B4B-9DFE-EB014490F51C}.Debug.ActiveCfg = Debug|Win32
		{C05BD8F3-7197-4B4B-9DFE-EB014490F51C}.Debug.Build.0 = Debug|Win32
		{C05BD8F3-7197-4B4B-9DFE-EB014490F51C}.Release.ActiveCfg = Release|Win32
		{C05BD8F3-7197-4B4B-9DFE-EB014490F51C}.Release.Build.0 = Release|Win32
		{44D20481-5119-4D1B-A194-A7B5AEF9C23C}.Debug.ActiveCfg = Debug|Win32
		{44D20481-5119-4D1B-A194-A7B5AEF9C23C}.Debug.Build.0 = Debug|Win32
		{44D20481-5119-4D1B-A194-A7B5AEF9C23C}.Release.ActiveCfg = Release|Win32
		{44D20481-5119-4D1B-A194-A7B5AEF9C23C}.Release.Build.0 = Release|Win32
		{6FED639C-5FE8-4FDF-ABE8-F720947AC9A1}.Debug.ActiveCfg = Debug|Win32
		{6FED639C-5FE8-4FDF-ABE8-F720947AC9A1}.Debug.Build.0 = Debug|Win32
		{6FED639C-5FE8-4FDF-ABE8-F720947AC9A1}.Release.ActiveCfg = Release|Win32
		{6FED639C-5FE8-4FDF-ABE8-F720947AC9A1}.Release.Build.0 = Release|Win32
		{A8630794-5C8B-4B7F-AF1B-DF12FD6C397F}.Debug.ActiveCfg = Debug|Win32
		{A8630794-5C8B-4B7F-AF1B-DF12FD6C397F}.Debug.Build.0 = Debug|Win32
		{A8630794-5C8B-4B7F-AF1B-DF12FD6C397F}.Release.ActiveCfg = Release|Win32
		{A8630794-5C8B-4B7F-AF1B-DF12FD6C397F}.Release.Build.0 = Release|Win32
		{FE571818-1B67-41FB-B49D-850D650CF661}.Debug.ActiveCfg = Debug|Win32
		{FE571818-1B67-41FB-B49D-850D650CF661}.Debug.Build.0 = Debug|Win32
		{FE571818-1B67-41FB-B49D-850D650CF661}.Release.ActiveCfg = Release|Win32
		{FE571818-1B67-41FB-B49D-850D650CF661}.Release.Build.0 = Release|Win32
		{7B67F987-4BBB-4FD4-B537-77BF79ABD04F}.Debug.ActiveCfg = Debug|Win32
		{7B67F987-4BBB-4FD4-B537-77BF79ABD04F}.Debug.Build.0 = Debug|Win32
		{7B67F987-4BBB-4FD4-B537-77BF79ABD04F}.Release.ActiveCfg = Release|Win32
		{7B67F987-4BBB-4FD4-B537-77BF79ABD04F}.Release.Build.0 = Release|Win32
		{433007AA-2C03-481D-B56B-5FA6840D343D}.Debug.ActiveCfg = Debug|Win32
		{433007AA-2C03-481D-B56B-5FA6840D343D}.Debug.Build.0 = Debug|Win32
		{433007AA-2C03-481D-B56B-5FA6840D343D}.Release.ActiveCfg = Release|Win32
		{433007AA-2C03-481D-B56B-5FA6840D343D}.Release.Build.0 = Release|Win32
		{2C1A99CD-4854-4064-9484-F1EB57F366E5}.Debug.ActiveCfg = Debug|Win32
		{2C1A99CD-4854-4064-9484-F1EB57F366E5}.Debug.Build.0 = Debug|Win32
		{2C1A99CD-4854-4064-9484-F1EB57F366E5}.Release.ActiveCfg = Release|Win32
		{2C1A99CD-4854-4064-9484-F1EB57F366E5}.Release.Build.0 = Release|Win32
		{6674B4DB-2A9A-4D36-B1B6-38796B6D4689}.Debug.ActiveCfg = Debug|Win32
		{6674B4DB-2A9A-4D36-B1B6-38796B6D4689}.Debug.Build.0 = Debug|Win32
		{6674B4DB-2A9A-4D36-B1B6-38796B6D4689}.Release.ActiveCfg = Release|Win32
		{6674B4DB-2A9A-4D36-B1B6-38796B6D4689}.Release.Build.0 = Release|Win32
		{C69895B2-28E6-4E13-BC48-D4BAED3DCC5A}.Debug.ActiveCfg = Debug|Win32
		{C69895B2-28E6-4E13-BC48-D4BAED3DCC5A}.Debug.Build.0 = Debug|Win32
		{C69895B2-28E6-4E13-BC48-D4BAED3DCC5A}.Release.ActiveCfg = Release|Win32
		{C69895B2-28E6-4E13-BC48-D4BAED3DCC5A}.Release.Build.0 = Release|Win32
		{E066EF1F-0DD5-4338-ABC9-C413A556AB0F}.Debug.ActiveCfg = Debug|Win32
		{E066EF1F-0DD5-4338-ABC9-C413A556AB0F}.Debug.Build.0 = Debug|Win32
		{E066EF1F-0DD5-4338-ABC9-C413A556AB0F}.Release.ActiveCfg = Release|Win32
		{E066EF1F-0DD5-4338-ABC9-C413A556AB0F}.Release.Build.0 = Release|Win32
		{A6BB2070-E9A8-442C-BC75-577EEE7382BA}.Debug.ActiveCfg = Debug|Win32
		{A6BB2070-E9A8-442C-BC75-577EEE7382BA}.Debug.Build.0 = Debug|Win32
		{A6BB2070-E9A8-442C-BC75-577EEE7382BA}.Release.ActiveCfg = Release|Win32
		{A6BB2070-E9A8-442C-BC75-577EEE7382BA}.Release.Build.0 = Release|Win32
		{CCE61C64-AC44-40E2-8E75-034C8F60834F}.Debug.ActiveCfg = Debug|Win32
		{CCE61C64-AC44-40E2-8E75-034C8F60834F}.Debug.Build.0 = Debug|Win32
		{CCE61C64-AC44-40E2-8E75-034C8F60834F}.Release.ActiveCfg = Release|Win32
		{CCE61C64-AC44-40E2-8E75-034C8F60834F}.Release.Build.0 = Release|Win32
		{3C61DD27-F69A-4444-A848-A3D98F22DCA8}.Debug.ActiveCfg = Debug|Win32
		{3C61DD27-F69A-4444-A848-A3D98F22DCA8}.Debug.Build.0 = Debug|Win32
		{3C61DD27-F69A-4444-A848-A3D98F22DCA8}.Release.ActiveCfg = Release|Win32
		{3C61DD27-F69A-4444-A848-A3D98F22DCA8}.Release.Build.0 = Release|Win32
		{ADC6AA27-C931-4C72-934B-7C3E81929F07}.Debug.ActiveCfg = Debug|Win32
		{ADC6AA27-C931-4C72-934B-7C3E81929F07}.Debug.Build.0 = Debug|Win32
		{ADC6AA27-C931-4C72-934B-7C3E81929F07}.Release.ActiveCfg = Release|Win32
		{ADC6AA27-C931-4C72-934B-7C3E81929F07}.Release.Build.0 = Release|Win32
		{7E59BCEB-4FD9-42DF-951E-C196F709BAB8}.Debug.ActiveCfg = Debug|Win32
		{7E59BCEB-4FD9-42DF-951E-C196F709BAB8}.Debug.Build.0 = Debug|Win32
		{7E59BCEB-4FD9-42DF-951E-C196F709BAB8}.Release.ActiveCfg = Release|Win32
		{7E59BCEB-4FD9-42DF-951E-C196F709BAB8}.Release.Build.0 = Release|Win32
		{6083BAFF-695F-456B-8531-DBDD03C9702C}.Debug.ActiveCfg = Debug|Win32
		{6083BAFF-695F-456B-8531-DBDD03C9702C}.Debug.Build.0 = Debug|Win32
		{6083BAFF-695F-456B-8531-DBDD03C9702C}.Release.ActiveCfg = Release|Win32
		{6083BAFF-695F-456B-8531-DBDD03C9702C}.Release.Build.0 = Release|Win32
		{03C78F20-271D-4E1B-8440-255E4B2939F3}.Debug.ActiveCfg = Debug|Win32
		{03C78F20-271D-4E1B-8440-255E4B2939F3}.Debug.Build.0 = Debug|Win32
		{03C78F20-271D-4E1B-8440-255E4B2939F3}.Release.ActiveCfg = Release|Win32
		{03C78F20-271D-4E1B-8440-255E4B2939F3}.Release.Build.0 = Release|Win32
		{86C5205D-21BC-4CDE-86BE-7AC921D0C6A5}.Debug.ActiveCfg = Debug|Win32
		{86C5205D-21BC-4CDE-86BE-7AC921D0C6A5}.Debug.Build.0 = Debug|Win32
		{86C5205D-21BC-4CDE-86BE-7AC921D0C6A5}.Release.ActiveCfg = Release|Win32
		{86C5205D-21BC-4CDE-86BE-7AC921D0C6A5}.Release.Build.0 = Release|Win32
		{2B05202E-5DD0-4543-99B9-188A23E8139D}.Debug.ActiveCfg = Debug|Win32
		{2B05202E-5DD0-4543-99B9-188A23E8139D}.Debug.Build.0 = Debug|Win32
		{2B05202E-5DD0-4543-99B9-188A23E8139D}.Release.ActiveCfg = Release|Win32
		{2B05202E-5DD0-4543-99B9-188A23E8139D}.Release.Build.0 = Release|Win32
		{BCF71D75-2C0F-4B0F-967E-20D2EE52AB08}.Debug.ActiveCfg = Debug|Win32
		{BCF71D75-2C0F-4B0F-967E-20D2EE52AB08}.Debug.Build.0 = Debug|Win32
		{BCF71D75-2C0F-4B0F-967E-20D2EE52AB08}.Release.ActiveCfg = Release|Win32
		{BCF71D75-2C0F-4B0F-967E-20D2EE52AB08}.Release.Build.0 = Release|Win32
		{4AD8AB20-D822-44E2-AEC1-E870140D254A}.Debug.ActiveCfg = Debug|Win32
		{4AD8AB20-D822-44E2-AEC1-E870140D254A}.Debug.Build.0 = Debug|Win32
		{4AD8AB20-D822-44E2-AEC1-E870140D254A}.Release.ActiveCfg = Release|Win32
		{4AD8AB20-D822-44E2-AEC1-E870140D254A}.Release.Build.0 = Release|Win32
		{D8FDB582-57E3-40DE-9F35-9764EB1E4148}.Debug.ActiveCfg = Debug|Win32
		{D8FDB582-57E3-40DE-9F35-9764EB1E4148}.Debug.Build.0 = Debug|Win32
		{D8FDB582-57E3-40DE-9F35-9764EB1E4148}.Release.ActiveCfg = Release|Win32
		{D8FDB582-57E3-40DE-9F35-9764EB1E4148}.Release.Build.0 = Release|Win32
		{E634DE84-6C6C-4111-90AF-CC9EE0BE9EC9}.Debug.ActiveCfg = Debug|Win32
		{E634DE84-6C6C-4111-90AF-CC9EE0BE9EC9}.Debug.Build.0 = Debug|Win32
		{E634DE84-6C6C-4111-90AF-CC9EE0BE9EC9}.Release.ActiveCfg = Release|Win32
		{E634DE84-6C6C-4111-90AF-CC9EE0BE9EC9}.Release.Build.0 = Release|Win32
		{B927591E-977E-41E9-A2A1-C701F39E426A}.Debug.ActiveCfg = Debug|Win32
		{B927591E-977E-41E9-A2A1-C701F39E426A}.Debug.Build.0 = Debug|Win32
		{B927591E-977E-41E9-A2A1-C701F39E426A}.Release.ActiveCfg = Release|Win32
		{B927591E-977E-41E9-A2A1-C701F39E426A}.Release.Build.0 = Release|Win32
		{EDF87796-6F09-4C8A-8202-77ADDB81284B}.Debug.ActiveCfg = Debug|Win32
		{EDF87796-6F09-4C8A-8202-77ADDB81284B}.Debug.Build.0 = Debug|Win32
		{EDF87796-6F09-4C8A-8202-77ADDB81284B}.Release.ActiveCfg = Release|Win32
		{EDF87796-6F09-4C8A-8202-77ADDB81284B}.Release.Build.0 = Release|Win32
		{61D75468-3718-47EE-BF14-7B1CA51BBAD6}.Debug.ActiveCfg = Debug|Win32
		{61D75468-3718-47EE-BF14-7B1CA51BBAD6}.Debug.Build.0 = Debug|Win32
		{61D75468-3718-47EE-BF14-7B1CA51BBAD6}.Release.ActiveCfg = Release|Win32
		{61D75468-3718-47EE-BF14-7B1CA51BBAD6}.Release.Build.0 = Release|Win32
		{A5EFF26A-60FC-42D4-AB5C-E4159E5672AE}.Debug.ActiveCfg = Debug|Win32
		{A5EFF26A-60FC-42D4-AB5C-E4159E5672AE}.Debug.Build.0 = Debug|Win32
		{A5EFF26A-60FC-42D4-AB5C-E4159E5672AE}.Release.ActiveCfg = Release|Win32
		{A5EFF26A-60FC-42D4-AB5C-E4159E5672AE}.Release.Build.0 = Release|Win32
		{2F90C820-CD6E-4BA2-A6A1-339147E508AA}.Debug.ActiveCfg = Debug|Win32
		{2F90C820-CD6E-4BA2-A6A1-339147E508AA}.Debug.Build.0 = Debug|Win32
		{2F90C820-CD6E-4BA2-A6A1-339147E508AA}.Release.ActiveCfg = Release|Win32
		{2F90C820-CD6E-4BA2-A6A1-339147E508AA}.Release.Build.0 = Release|Win32
		{3623B3B4-90A1-4FC4-B0C3-98580C2A69DA}.Debug.ActiveCfg = Debug|Win32
		{3623B3B4-90A1-4FC4-B0C3-98580C2A69DA}.Debug.Build.0 = Debug|Win32
		{3623B3B4-90A1-4FC4-B0C3-98580C2A69DA}.Release.ActiveCfg = Release|Win32
		{3623B3B4-90A1-4FC4-B0C3-98580C2A69DA}.Release.Build.0 = Release|Win32
		{CE1BF5E4-822E-49BB-ACD6-3251CE7D0B67}.Debug.ActiveCfg = Debug|Win32
		{CE1BF5E4-822E-49BB-ACD6-3251CE7D0B67}.Debug.Build.0 = Debug|Win32
		{CE1BF5E4-822E-49BB-ACD6-3251CE7D0B67}.Release.ActiveCfg = Release|Win32
		{CE1BF5E4-822E-49BB-ACD6-3251CE7D0B67}.Release.Build.0 = Release|Win32
		{530EC8E4-2422-45EE-9289-0091A4E8E083}.Debug.ActiveCfg = Debug|Win32
		{530EC8E4-2422-45EE-9289-0091A4E8E083}.Debug.Build.0 = Debug|Win32
		{530EC8E4-2422-45EE-9289-0091A4E8E083}.Release.ActiveCfg = Release|Win32
		{530EC8E4-2422-45EE-9289-0091A4E8E083}.Release.Build.0 = Release|Win32
		{32F96195-E679-4DE4-8B8B-27D2A3CE1014}.Debug.ActiveCfg = Debug|Win32
		{32F96195-E679-4DE4-8B8B-27D2A3CE1014}.Debug.Build.0 = Debug|Win32
		{32F96195-E679-4DE4-8B8B-27D2A3CE1014}.Release.ActiveCfg = Release|Win32
		{32F96195-E679-4DE4-8B8B-27D2A3CE1014}.Release.Build.0 = Release|Win32
		{5F0B4A94-9332-45D5-881E-F9F4C4CD03F6}.Debug.ActiveCfg = Debug|Win32
		{5F0B4A94-9332-45D5-881E-F9F4C4CD03F6}.Debug.Build.0 = Debug|Win32
		{5F0B4A94-9332-45D5-881E-F9F4C4CD03F6}.Release.ActiveCfg = Release|Win32
		{5F0B4A94-9332-45D5-881E-F9F4C4CD03F6}.Release.Build.0 = Release|Win32
		{543E4395-6BA3-47FE-862D-7D5D27B83D2A}.Debug.ActiveCfg = Debug|Win32
		{543E4395-6BA3-47FE-862D-7D5D27B83D2A}.Debug.Build.0 = Debug|Win32
		{543E4395-6BA3-47FE-862D-7D5D27B83D2A}.Release.ActiveCfg = Release|Win32
		{543E4395-6BA3-47FE-862D-7D5D27B83D2A}.Release.Build.0 = Release|Win32
		{A23EC62C-E9C4-4145-B953-90D533CDF47B}.Debug.ActiveCfg = Debug|Win32
		{A23EC62C-E9C4-4145-B953-90D533CDF47B}.Debug.Build.0 = Debug|Win32
		{A23EC62C-E9C4-4145-B953-90D533CDF47B}.Release.ActiveCfg = Release|Win32
		{A23EC62C-E9C4-4145-B953-90D533CDF47B}.Release.Build.0 = Release|Win32
		{45866BA8-03B2-40FC-9CA5-1BB7A17B10A1}.Debug.ActiveCfg = Debug|Win32
		{45866BA8-03B2-40FC-9CA5-1BB7A17B10A1}.Debug.Build.0 = Debug|Win32
		{45866BA8-03B2-40FC-9CA5-1BB7A17B10A1}.Release.ActiveCfg = Release|Win32
		{45866BA8-03B2-40FC-9CA5-1BB7A17B10A1}.Release.Build.0 = Release|Win32
		{9E7B849C-CB9C-499B-B2B2-ECA70C5784D2}.Debug.ActiveCfg = Debug|Win32
		{9E7B849C-CB9C-499B-B2B2-ECA70C5784D2}.Debug.Build.0 = Debug|Win32
		{9E7B849C-CB9C-499B-B2B2-ECA70C5784D2}.Release.ActiveCfg = Release|Win32
		{9E7B849C-CB9C-499B-B2B2-ECA70C5784D2}.Release.Build.0 = Release|Win32
		{C2CD3641-0F72-4C10-852B-CAA694D28E86}.Debug.ActiveCfg = Debug|Win32
		{C2CD3641-0F72-4C10-852B-CAA694D28E86}.Debug.Build.0 = Debug|Win32
		{C2CD3641-0F72-4C10-852B-CAA694D28E86}.Release.ActiveCfg = Release|Win32
		{C2CD3641-0F72-4C10-852B-CAA694D28E86}.Release.Build.0 = Release|Win32
		{84E063F1-80EF-432B-93A3-90C3159F16DE}.Debug.ActiveCfg = Debug|Win32
		{84E063F1-80EF-432B-93A3-90C3159F16DE}.Debug.Build.0 = Debug|Win32
		{84E063F1-80EF-432B-93A3-90C3159F16DE}.Release.ActiveCfg = Release|Win32
		{84E063F1-80EF-432B-93A3-90C3159F16DE}.Release.Build.0 = Release|Win32
		{F41BC1AC-4DA3-4D02-999C-6E4DB0D74420}.Debug.ActiveCfg = Debug|Win32
		{F41BC1AC-4DA3-4D02-999C-6E4DB0D74420}.Debug.Build.0 = Debug|Win32
		{F41BC1AC-4DA3-4D02-999C-6E4DB0D74420}.Release.ActiveCfg = Release|Win32
		{F41BC1AC-4DA3-4D02-999C-6E4DB0D74420}.Release.Build.0 = Release|Win32
		{D0305221-49F5-4CD3-AF96-E0C5CD04F440}.Debug.ActiveCfg = Debug|Win32
		{D0305221-49F5-4CD3-AF96-E0C5CD04F440}.Debug.Build.0 = Debug|Win32
		{D0305221-49F5-4CD3-AF96-E0C5CD04F440}.Release.ActiveCfg = Release|Win32
		{D0305221-49F5-4CD3-AF96-E0C5CD04F440}.Release.Build.0 = Release|Win32
		{FB92EE3E-0336-4556-B51E-F9AB4975B988}.Debug.ActiveCfg = Debug|Win32
		{FB92EE3E-0336-4556-B51E-F9AB4975B988}.Debug.Build.0 = Debug|Win32
		{FB92EE3E-0336-4556-B51E-F9AB4975B988}.Release.ActiveCfg = Release|Win32
		{FB92EE3E-0336-4556-B51E-F9AB4975B988}.Release.Build.0 = Release|Win32
		{74405EAE-394C-433A-ACD7-27B1B90CF26C}.Debug.ActiveCfg = Debug|Win32
		{74405EAE-394C-433A-ACD7-27B1B90CF26C}.Debug.Build.0 = Debug|Win32
		{74405EAE-394C-433A-ACD7-27B1B90CF26C}.Release.ActiveCfg = Release|Win32
		{74405EAE-394C-433A-ACD7-27B1B90CF26C}.Release.Build.0 = Release|Win32
	EndGlobalSection
	GlobalSection(ExtensibilityGlobals) = postSolution
	EndGlobalSection
	GlobalSection(ExtensibilityAddIns) = postSolution
	EndGlobalSection
	GlobalSection(DPCodeReviewSolutionGUID) = preSolution
		DPCodeReviewSolutionGUID = {00000000-0000-0000-0000-000000000000}
	EndGlobalSection
EndGlobal
